lockfileVersion: '9.0'

settings:
  autoInstallPeers: true
  excludeLinksFromLockfile: false

time:
  '@typescript/native-preview@7.0.0-dev.20260608.1': 2026-06-08T08:04:25.227Z
  typescript@6.0.3: 2026-04-16T23:38:27.905Z
  vize@0.188.0: 2026-06-08T08:46:24.089Z
  vue-tsc@3.3.4: 2026-06-08T03:49:40.790Z
  vue@3.5.35: 2026-05-27T09:04:53.705Z

importers:

  .:
    dependencies:
      typescript:
        specifier: '*'
        version: 6.0.3
      vize:
        specifier: ^0.188.0
        version: 0.188.0
    devDependencies:
      '@typescript/native-preview':
        specifier: ^7.0.0-dev.20260608.1
        version: 7.0.0-dev.20260608.1
      vue:
        specifier: ^3.5.35
        version: 3.5.35(typescript@6.0.3)
      vue-tsc:
        specifier: ^3.3.4
        version: 3.3.4(typescript@6.0.3)

packages:

  '@babel/helper-string-parser@7.29.7':
    resolution: {integrity: sha512-Pb5ijPrZ89GDH8223L4UP8i6QApWxs04RbPQJTeWDV0/keR2E36MeKnyr6LYmUUvqRRI+Iv87SuF1W6ErINzYw==}
    engines: {node: '>=6.9.0'}

  '@babel/helper-validator-identifier@7.29.7':
    resolution: {integrity: sha512-qehxGkRj55h/ff8EMaJ+cYhyaKlHIxqYDn682wQD7RNp9UujOQsHog2uS0r2vzr4pW+sXf90NeeayjcNaX3fFg==}
    engines: {node: '>=6.9.0'}

  '@babel/parser@7.29.7':
    resolution: {integrity: sha512-hnORnjP/1P/zFEndoeX+n+t1RwWRJiJpM/jO7FW32Kn9r5+sJB2JWOdYo4L6k78j15eCwY3Gm/7364B1EMwtNg==}
    engines: {node: '>=6.0.0'}
    hasBin: true

  '@babel/types@7.29.7':
    resolution: {integrity: sha512-4zBIxpPzowiZpusoFkyGVwakdRJUyuH5PxQ/PrqghfdFWWasvnCdPfQXHrenDai+gyLARulZjZowCOj6fjT4pA==}
    engines: {node: '>=6.9.0'}

  '@jridgewell/sourcemap-codec@1.5.5':
    resolution: {integrity: sha512-cYQ9310grqxueWbl+WuIUIaiUaDcj7WOq5fVhEljNVgRfOUhY9fy2zTvfoqWsnebh8Sl70VScFbICvJnLKB0Og==}

  '@oxc-transform/binding-darwin-arm64@0.130.0':
    resolution: {integrity: sha512-EvflmULQ/kQW4rIGvwrdDa6DnYZpsceJ2r0zFmDY+hdAxBA9wXGTJfgGJYOW+KltyhW1ybDbOUfCgLtmUa0YhA==}
    engines: {node: ^20.19.0 || >=22.12.0}
    os:
    - darwin
    cpu:
    - arm64

  '@oxc-transform/binding-linux-arm64-gnu@0.130.0':
    resolution: {integrity: sha512-pNVtyv3ndNaHltOKD2bLObE3vSKP89R9+bv7magLKOEnhSwbuFulsYLyc4v7S7YoVhRzmVT4sbVjaSHrWAFt1g==}
    engines: {node: ^20.19.0 || >=22.12.0}
    os:
    - linux
    cpu:
    - arm64
    libc:
    - glibc

  '@oxc-transform/binding-linux-arm64-musl@0.130.0':
    resolution: {integrity: sha512-0sh+YTAYzpMIvK9NmNsCJTXIw8ydy9pd2v3/P0n5DWdQ12+bEZn06XVvFuf5rBbAaS8qqII7bh+2psEHALyM+g==}
    engines: {node: ^20.19.0 || >=22.12.0}
    os:
    - linux
    cpu:
    - arm64
    libc:
    - musl

  '@oxc-transform/binding-linux-x64-gnu@0.130.0':
    resolution: {integrity: sha512-/a7ODMlKZdXy449GP91vx8oFgmuoDd08lKr/YnbKnGx9iyUiRsTEEJRqSM6j0EKk6FLJlJYY/pTB3ze6aJf/Rw==}
    engines: {node: ^20.19.0 || >=22.12.0}
    os:
    - linux
    cpu:
    - x64
    libc:
    - glibc

  '@oxc-transform/binding-linux-x64-musl@0.130.0':
    resolution: {integrity: sha512-V8e0WDssMwhDl4bGUeemSvMjBR1rAVGiwmkxKXURizRp+PX+jJnZ2fsDYSCIgiC1jrYMZRms6pvmaqdj75VY2A==}
    engines: {node: ^20.19.0 || >=22.12.0}
    os:
    - linux
    cpu:
    - x64
    libc:
    - musl

  '@oxc-transform/binding-win32-arm64-msvc@0.130.0':
    resolution: {integrity: sha512-NEhR4ians3nh7zHOemgGsrrtzZR/s6EegUFsY6GNOhCJ+43PIos9E3vFy6FwPXoF32pn5FxJ+oOuh6ultrlvpw==}
    engines: {node: ^20.19.0 || >=22.12.0}
    os:
    - win32
    cpu:
    - arm64

  '@oxc-transform/binding-win32-x64-msvc@0.130.0':
    resolution: {integrity: sha512-tH8QSCOJV01jdM2PsXADQJHXXZe20wq235PgoZ224/q/5qZ34lu9PMcD8OsN7uhFVcRya1DkiURk69G2ufhKUA==}
    engines: {node: ^20.19.0 || >=22.12.0}
    os:
    - win32
    cpu:
    - x64

  '@typescript/native-preview-darwin-arm64@7.0.0-dev.20260602.1':
    resolution: {integrity: sha512-eSPHtC/iz2jp6H4qVXg2f8C03/dbtZCBVTNg6v8iajGRgD/V23kcOArVk4IQAR0VyqKRCkzQK+TLqKGwrQxP1Q==}
    engines: {node: '>=16.20.0'}
    os:
    - darwin
    cpu:
    - arm64

  '@typescript/native-preview-darwin-arm64@7.0.0-dev.20260608.1':
    resolution: {integrity: sha512-ZGs+yhsPWFDkSHydJyF8I3d4witpXiD69auWZtSotNWG3gBR5Ne291m38rvxoLFDRlFHwAQpPT7q3yStp+cQSQ==}
    engines: {node: '>=16.20.0'}
    os:
    - darwin
    cpu:
    - arm64

  '@typescript/native-preview-linux-arm64@7.0.0-dev.20260602.1':
    resolution: {integrity: sha512-uh5XGYggWJWf8QVNI4oylUK04pe74WCTq0DqpZx3y/CnnHzVrgWPlEFe+wn2MhknwVAhOtCIYu2F0UKUqHucTA==}
    engines: {node: '>=16.20.0'}
    os:
    - linux
    cpu:
    - arm64

  '@typescript/native-preview-linux-arm64@7.0.0-dev.20260608.1':
    resolution: {integrity: sha512-/JPrQqa36CSMdXeEXhZ0mYUmufehIL8ujagXvU8z/3/b/CeWjgoZLJCuy76k9NLZCG7wGvcFWFK5kgOEKyDQdw==}
    engines: {node: '>=16.20.0'}
    os:
    - linux
    cpu:
    - arm64

  '@typescript/native-preview-linux-x64@7.0.0-dev.20260602.1':
    resolution: {integrity: sha512-ZKNmZkJCh39uLzHSWC6jeH0d7lTO8ddj1hLm+Gu+4O0maaInZfWLC3xGxME183adMp54tCasCJcZ8XhDgO2NEw==}
    engines: {node: '>=16.20.0'}
    os:
    - linux
    cpu:
    - x64

  '@typescript/native-preview-linux-x64@7.0.0-dev.20260608.1':
    resolution: {integrity: sha512-QfVLSH1NMAOa+N6Ey9cFHWppLFISOeCG3c0nJER3LXrDwkE4WtsVGHQ4IRDpIYT3Q2iC7QWUFWwrHayNKlrGYA==}
    engines: {node: '>=16.20.0'}
    os:
    - linux
    cpu:
    - x64

  '@typescript/native-preview-win32-arm64@7.0.0-dev.20260602.1':
    resolution: {integrity: sha512-YZ3wcQ/nN0C71CII0P8Sx6jAvh7WX6zwa3wwGXQOOO4SvxQgUu1ijznsOz+Gz3KpjyyXAloGppkA+0JT5BhbmQ==}
    engines: {node: '>=16.20.0'}
    os:
    - win32
    cpu:
    - arm64

  '@typescript/native-preview-win32-arm64@7.0.0-dev.20260608.1':
    resolution: {integrity: sha512-DvpbX0aPCWCe4bJEP0cOky4cCwF+5QJZHsLoGV4gYd+0EFEkarTOxZG0CezP30E/iX6u1RUOrtTeMZOQthqDpQ==}
    engines: {node: '>=16.20.0'}
    os:
    - win32
    cpu:
    - arm64

  '@typescript/native-preview-win32-x64@7.0.0-dev.20260602.1':
    resolution: {integrity: sha512-ENQpKND75VD7WgtGwj1xXpOQKBM0bmjtzC4W9rzxJjInYfbu22VOXnfzEZlb7fmo/EnyZL6QF6P/zx4ojRMX9Q==}
    engines: {node: '>=16.20.0'}
    os:
    - win32
    cpu:
    - x64

  '@typescript/native-preview-win32-x64@7.0.0-dev.20260608.1':
    resolution: {integrity: sha512-J9nQB87sU+YJE3fq3XKwQvgLNWVXiEWyOP1L/FuyOlHb77UkFXmpaUbFTJ1w7rfd91nlKb2EECfsdTxbELUT0Q==}
    engines: {node: '>=16.20.0'}
    os:
    - win32
    cpu:
    - x64

  '@typescript/native-preview@7.0.0-dev.20260602.1':
    resolution: {integrity: sha512-Gfnju5EahMkyN5Mn9EIFTXabj/yfixdxtLcb1u8fSDWLD9AOflOLO95GuQcyZHPjCNukTE+9uAvjpMKcRNmbXQ==}
    engines: {node: '>=16.20.0'}
    hasBin: true

  '@typescript/native-preview@7.0.0-dev.20260608.1':
    resolution: {integrity: sha512-nJyuPQwFn/VlP7JvFA0jPHJMMHaDy5vWM5xRYUwjZZd3dcY7LldfZ1EkdPOLc+GW0trXcmvRemQ4XCsBkOGOUQ==}
    engines: {node: '>=16.20.0'}
    hasBin: true

  '@vizejs/native-darwin-arm64@0.188.0':
    resolution: {integrity: sha512-hoGcREAPa1sfNzucQOlorHXn3+yBOWCxryNEGTAT/QlA+JLxypVhuU2vjN24LMYjMT4E+kQj9mUSmDFRNtvYBA==}
    engines: {node: '>=22'}
    os:
    - darwin
    cpu:
    - arm64

  '@vizejs/native-linux-arm64-gnu@0.188.0':
    resolution: {integrity: sha512-6Z2Za8TMUhJS3CI/QUoFHIbJNGKQZVqnKiPfx7OnZ1QqyDwj0/DCA2B2F50xz+ko3TF38ngrQxJ5Oo+DTwfRRw==}
    engines: {node: '>=22'}
    os:
    - linux
    cpu:
    - arm64
    libc:
    - glibc

  '@vizejs/native-linux-arm64-musl@0.188.0':
    resolution: {integrity: sha512-oucGJ0rdmtHtRpbecmMZ/F/kZklZZL94GTtXh1havyYR/eSp6KxvNL6pwWNlvrb1hy092QjZVqIBL9YvkaDn0Q==}
    engines: {node: '>=22'}
    os:
    - linux
    cpu:
    - arm64
    libc:
    - musl

  '@vizejs/native-linux-x64-gnu@0.188.0':
    resolution: {integrity: sha512-Ffby52n+fE/5/8MN0b2QIR0TkxMQOhrgIR3Rq8f/bJeABa/V6V5hURnI1HqjxoZSFXl2gk7nZllD8WRLpPEpjQ==}
    engines: {node: '>=22'}
    os:
    - linux
    cpu:
    - x64
    libc:
    - glibc

  '@vizejs/native-linux-x64-musl@0.188.0':
    resolution: {integrity: sha512-/Q2UKyNtiXqPyT0QbFIPkjTMz9Pf929DYRm7/McS/lBSEnMXLiMvgF8bO04z0p9pPeqt9wsTzsmpkIp1Xd8Kcg==}
    engines: {node: '>=22'}
    os:
    - linux
    cpu:
    - x64
    libc:
    - musl

  '@vizejs/native-win32-arm64-msvc@0.188.0':
    resolution: {integrity: sha512-HGqRm6y3W5jt+dexhyHATMp8HSNAFqPlYHeiS57Mx4C0SJdYUOPDtQc+hkjh5uqqLv0BsMbgx9bi+M44nNMkwg==}
    engines: {node: '>=22'}
    os:
    - win32
    cpu:
    - arm64

  '@vizejs/native-win32-x64-msvc@0.188.0':
    resolution: {integrity: sha512-wrPVsxryB/d3pYA5AuEMc5X65sFRj5FnN7y9JmEIjY2TZnx6MviAvBd2fC2q/AvbX/caC25by1MYcxW0TdIWxQ==}
    engines: {node: '>=22'}
    os:
    - win32
    cpu:
    - x64

  '@vizejs/native@0.188.0':
    resolution: {integrity: sha512-/IcA1oKUAA7cSWYEsJPoHdonyPqOiKbAH7JrnT4V3eFsxG0Jl9E7YyRNDBexHsFB+bMslWM7PLDRTgCXuoVrgg==}
    engines: {node: '>=22'}

  '@volar/language-core@2.4.28':
    resolution: {integrity: sha512-w4qhIJ8ZSitgLAkVay6AbcnC7gP3glYM3fYwKV3srj8m494E3xtrCv6E+bWviiK/8hs6e6t1ij1s2Endql7vzQ==}

  '@volar/source-map@2.4.28':
    resolution: {integrity: sha512-yX2BDBqJkRXfKw8my8VarTyjv48QwxdJtvRgUpNE5erCsgEUdI2DsLbpa+rOQVAJYshY99szEcRDmyHbF10ggQ==}

  '@volar/typescript@2.4.28':
    resolution: {integrity: sha512-Ja6yvWrbis2QtN4ClAKreeUZPVYMARDYZl9LMEv1iQ1QdepB6wn0jTRxA9MftYmYa4DQ4k/DaSZpFPUfxl8giw==}

  '@vue/compiler-core@3.5.34':
    resolution: {integrity: sha512-s9cLyK5mLcvZ4Agva5QgRsQyLKvts9WbU9DB6NqiZkkGEdwmcEiylj5Jbwkp680drF/NNCV8OlAJSe+yMLxaJw==}

  '@vue/compiler-core@3.5.35':
    resolution: {integrity: sha512-BUmHaR1J+O+CKZ9uJucdVTEr1LHsdyvv7vG3eNRhK3CczEHeMd/LtsHAuD7PbrxvI2envCY2v7HI1vC1aBRzKw==}

  '@vue/compiler-dom@3.5.34':
    resolution: {integrity: sha512-EbF/T++k0e2MMZlJsBhzK8Sgwt0HcIPOhzn1CTB/lv6sQcyk+OWf8YeiLxZp3ro7MbbLcAfAJ6sEvjFWuNgUCw==}

  '@vue/compiler-dom@3.5.35':
    resolution: {integrity: sha512-k+bprkXxuqhVajgTx5mUHuir7TwQzUKOWR40ng1ncAqQRPnrLngGGgqVEEhOnTMlc8btHYVKmrP8s5Qyg0hvYA==}

  '@vue/compiler-sfc@3.5.34':
    resolution: {integrity: sha512-D/ihr6uZeIt6r+pVZf46RWT1fAsLFMbUP7k8G1VkiiWexriED9GrX3echHd4Abbt17zjlfiFJ8z7a3BxZOPNjg==}

  '@vue/compiler-sfc@3.5.35':
    resolution: {integrity: sha512-G5VPMcXTSywXBgtFOZOnHKBxKSrwXUcvY1iaF5/hRcy7t0J6CH/d8ha9F4nzi00Fax1eLV0QHM7v4mQu68jydw==}

  '@vue/compiler-ssr@3.5.34':
    resolution: {integrity: sha512-cDtTHKibkThKGHH1SP+WdccquNRYQDFH6rRjQCqT9G2ltFAfoR5pUftpab/z+aM5mW9HLLVQW7hfKKQe/1GBeQ==}

  '@vue/compiler-ssr@3.5.35':
    resolution: {integrity: sha512-rGhAeXgdM7/ffTJGXT69rCCdTmjDewnFuUZfBQQHTdcEBeWdT5HCGY60y2ytLJr9/Dsu7IntUi5z/w0h6Rjnzw==}

  '@vue/language-core@3.3.4':
    resolution: {integrity: sha512-IuHqQ5zGGOE7CXP72VX6A42IVeIzYv4WAhO6arej11TRNqtdZfGyH8Yr2FOCaDX0dSQG+JwULLoFHGY1igYVjQ==}

  '@vue/reactivity@3.5.34':
    resolution: {integrity: sha512-y9XDjCEuBp+98k+UL5dbYkh57AHU4o6cxZedOPXw3bmrZZYLQsVHguGurq7hVrPCSrQtrnz1f9dssyFr+dMXfQ==}

  '@vue/reactivity@3.5.35':
    resolution: {integrity: sha512-tVc+SsHConvh/Lz64qq1pP3rYArBmK42xonovEcxY74SQtvctZodG/zhq54P5dr38cVuw25d27cPNRdlMidpGQ==}

  '@vue/runtime-core@3.5.34':
    resolution: {integrity: sha512-mKeBYvu8tcMSLhypAHBmriUFfWXKTCF/23Z4jiCoYK3UtWepkliViNLuR90V9XOyD62mUxs9p1jsrpK3CCGIzw==}

  '@vue/runtime-core@3.5.35':
    resolution: {integrity: sha512-A/xFNX9loIcWDygeQuNCfKuh0CoYBzxhqEMNah5TSFg9Z53DrFYEN2qi5CU9necjM1OWYegYREUTHmXTmhfXtg==}

  '@vue/runtime-dom@3.5.34':
    resolution: {integrity: sha512-e8kZzERmCwUnBRVsgSQlAfrfU2rGoy0FFKPBXSlfEjc/O3KfA7QP0t1/2ZylrbchjmIKB4dPTd07A6WPr0eOrg==}

  '@vue/runtime-dom@3.5.35':
    resolution: {integrity: sha512-odrJ1C391dbGnyDRh8U+rnP7J2amIEzfmRk5vXy7xi3aZhEXofTvpi0T4HJb6jlNqQZTNPR5MPHSB3RHNkIORA==}

  '@vue/server-renderer@3.5.34':
    resolution: {integrity: sha512-nHxmJoTrKsmrkbILRhkC9gY1G3moZbJTqCzDd7DOOzG5KH9oeJ0Unqrff5f9v0pW//jES05ZkJcNtfE8JjOIew==}
    peerDependencies:
      vue: 3.5.34

  '@vue/server-renderer@3.5.35':
    resolution: {integrity: sha512-NkebSOYdB97wi8OQcO3HqzZSlymJi/aWsN/7h74OSVhRTm6qGs3Jp3e0rCXynmWwSlKeRrnlIug+ilYoHBmQDA==}
    peerDependencies:
      vue: 3.5.35

  '@vue/shared@3.5.34':
    resolution: {integrity: sha512-24uqU4OIiX29ryC3MeWid/Xf2fa2EFRUVLb77nRhk+UrTVrh/XiGtFAFmJBAtBRbjwNdsPRP+jj/OL27Eg1NDA==}

  '@vue/shared@3.5.35':
    resolution: {integrity: sha512-zSbjL7gRXwks2ZQLRGCajBtBXEOXW9Ddhn/HvSdrGkE2dqGnumzW8XtusRrxrE9LvqtiqDXQ+A60Hp6mvdYxfA==}

  alien-signals@3.2.1:
    resolution: {integrity: sha512-I8FjmltrfnDFoZedi5CG8DghVYNhzb/Ijluz7tCSJH0xpd0484Kowhbb1XDYOxfJpU1p5wnM2X54dA+IfGyD1g==}

  csstype@3.2.3:
    resolution: {integrity: sha512-z1HGKcYy2xA8AGQfwrn0PAy+PB7X/GSj3UVJW9qKyn43xWa+gl5nXmU4qqLMRzWVLFC8KusUX8T/0kCiOYpAIQ==}

  entities@7.0.1:
    resolution: {integrity: sha512-TWrgLOFUQTH994YUyl1yT4uyavY5nNB5muff+RtWaqNVCAK408b5ZnnbNAUEWLTCpum9w6arT70i1XdQ4UeOPA==}
    engines: {node: '>=0.12'}

  estree-walker@2.0.2:
    resolution: {integrity: sha512-Rfkk/Mp/DL7JVje3u18FxFujQlTNR2q6QfMSMB7AvCBx91NGj/ba3kCfza0f6dVDbw7YlRf/nDrn7pQrCCyQ/w==}

  magic-string@0.30.21:
    resolution: {integrity: sha512-vd2F4YUyEXKGcLHoq+TEyCjxueSeHnFxyyjNp80yg0XV4vUhnDer/lvvlqM/arB5bXQN5K2/3oinyCRyx8T2CQ==}

  muggle-string@0.4.1:
    resolution: {integrity: sha512-VNTrAak/KhO2i8dqqnqnAHOa3cYBwXEZe9h+D5h/1ZqFSTEFHdM65lR7RoIqq3tBBYavsOXV84NoHXZ0AkPyqQ==}

  nanoid@3.3.12:
    resolution: {integrity: sha512-ZB9RH/39qpq5Vu6Y+NmUaFhQR6pp+M2Xt76XBnEwDaGcVAqhlvxrl3B2bKS5D3NH3QR76v3aSrKaF/Kiy7lEtQ==}
    engines: {node: ^10 || ^12 || ^13.7 || ^14 || >=15.0.1}
    hasBin: true

  oxc-transform@0.130.0:
    resolution: {integrity: sha512-aMD7aOzdG1yOKd2O01ngLiDw+9AEm7txKKsUlDY/jjZ7XyEDeZNL8V9rROfTi4ir/xhzQ73IDaZImSG6b6mp3g==}
    engines: {node: ^20.19.0 || >=22.12.0}

  path-browserify@1.0.1:
    resolution: {integrity: sha512-b7uo2UCUOYZcnF/3ID0lulOJi/bafxa1xPe7ZPsammBSpjSWQkjNxlt635YGS2MiR9GjvuXCtz2emr3jbsz98g==}

  picocolors@1.1.1:
    resolution: {integrity: sha512-xceH2snhtb5M9liqDsmEw56le376mTZkEX/jEb/RxNFyegNul7eNslCXP9FDj/Lcu0X8KEyMceP2ntpaHrDEVA==}

  picomatch@4.0.4:
    resolution: {integrity: sha512-QP88BAKvMam/3NxH6vj2o21R6MjxZUAd6nlwAS/pnGvN9IVLocLHxGYIzFhg6fUQ+5th6P4dv4eW9jX3DSIj7A==}
    engines: {node: '>=12'}

  postcss@8.5.15:
    resolution: {integrity: sha512-FfR8sjd4em2T6fb3I2MwAJU7HWVMr9zba+enmQeeWFfCbm+UOC/0X4DS8XtpUTMwWMGbjKYP7xjfNekzyGmB3A==}
    engines: {node: ^10 || ^12 || >=14}

  source-map-js@1.2.1:
    resolution: {integrity: sha512-UXWMKhLOwVKb728IUtQPXxfYU+usdybtUrK/8uGE8CQMvrhOpwvzDBwj0QhSL7MQc7vIsISBG8VQ8+IDQxpfQA==}
    engines: {node: '>=0.10.0'}

  typescript@6.0.3:
    resolution: {integrity: sha512-y2TvuxSZPDyQakkFRPZHKFm+KKVqIisdg9/CZwm9ftvKXLP8NRWj38/ODjNbr43SsoXqNuAisEf1GdCxqWcdBw==}
    engines: {node: '>=14.17'}
    hasBin: true

  vize@0.188.0:
    resolution: {integrity: sha512-iatR6fcWdxKsaN5sX/9EJ3utwAGP9ZXnh91VuPy95D3agB07AOKqsuZz1nm4kUG2TmOR+JfYJzEpN2Pp2Z3m5w==}
    engines: {node: '>=22'}
    hasBin: true
    peerDependencies:
      '@pkl-community/pkl': 0.27.2
    peerDependenciesMeta:
      '@pkl-community/pkl':
        optional: true

  vscode-uri@3.1.0:
    resolution: {integrity: sha512-/BpdSx+yCQGnCvecbyXdxHDkuk55/G3xwnC0GqY4gmQ3j+A+g8kzzgB4Nk/SINjqn6+waqw3EgbVF2QKExkRxQ==}

  vue-tsc@3.3.4:
    resolution: {integrity: sha512-XA/JqmQwS2GZmfgpjOEGdrKwaTSEuPwxpHa7/t6f4yiGrJb3gVHTPb9wBfByMNZwQ+xDXs41b8gaS2DKsOozUw==}
    hasBin: true
    peerDependencies:
      typescript: '>=5.0.0'

  vue@3.5.34:
    resolution: {integrity: sha512-WdLBG9gm02OgJIG9axd5Hpx0TFLdzVgfG2evFFu8Rur5O/IoGc5cMjnjh3tPL6GnRGsYvUhBSKVPYVcxRKpMCA==}
    peerDependencies:
      typescript: '*'
    peerDependenciesMeta:
      typescript:
        optional: true

  vue@3.5.35:
    resolution: {integrity: sha512-cx89fnr+0kVGHiNFG6y6s0bdjypJRFNZn6x3WPstNdQR1bi1mbB7h4v5IBGTsPJU3nK1+0Iqj3Zf+hZWMieR4Q==}
    peerDependencies:
      typescript: '*'
    peerDependenciesMeta:
      typescript:
        optional: true

snapshots:

  '@babel/helper-string-parser@7.29.7': {}

  '@babel/helper-validator-identifier@7.29.7': {}

  '@babel/parser@7.29.7':
    dependencies:
      '@babel/types': 7.29.7

  '@babel/types@7.29.7':
    dependencies:
      '@babel/helper-string-parser': 7.29.7
      '@babel/helper-validator-identifier': 7.29.7

  '@jridgewell/sourcemap-codec@1.5.5': {}

  '@oxc-transform/binding-darwin-arm64@0.130.0': {}

  '@oxc-transform/binding-linux-arm64-gnu@0.130.0': {}

  '@oxc-transform/binding-linux-arm64-musl@0.130.0': {}

  '@oxc-transform/binding-linux-x64-gnu@0.130.0': {}

  '@oxc-transform/binding-linux-x64-musl@0.130.0': {}

  '@oxc-transform/binding-win32-arm64-msvc@0.130.0': {}

  '@oxc-transform/binding-win32-x64-msvc@0.130.0': {}

  '@typescript/native-preview-darwin-arm64@7.0.0-dev.20260602.1': {}

  '@typescript/native-preview-darwin-arm64@7.0.0-dev.20260608.1': {}

  '@typescript/native-preview-linux-arm64@7.0.0-dev.20260602.1': {}

  '@typescript/native-preview-linux-arm64@7.0.0-dev.20260608.1': {}

  '@typescript/native-preview-linux-x64@7.0.0-dev.20260602.1': {}

  '@typescript/native-preview-linux-x64@7.0.0-dev.20260608.1': {}

  '@typescript/native-preview-win32-arm64@7.0.0-dev.20260602.1': {}

  '@typescript/native-preview-win32-arm64@7.0.0-dev.20260608.1': {}

  '@typescript/native-preview-win32-x64@7.0.0-dev.20260602.1': {}

  '@typescript/native-preview-win32-x64@7.0.0-dev.20260608.1': {}

  '@typescript/native-preview@7.0.0-dev.20260602.1':
    optionalDependencies:
      '@typescript/native-preview-darwin-arm64': 7.0.0-dev.20260602.1
      '@typescript/native-preview-linux-arm64': 7.0.0-dev.20260602.1
      '@typescript/native-preview-linux-x64': 7.0.0-dev.20260602.1
      '@typescript/native-preview-win32-arm64': 7.0.0-dev.20260602.1
      '@typescript/native-preview-win32-x64': 7.0.0-dev.20260602.1

  '@typescript/native-preview@7.0.0-dev.20260608.1':
    optionalDependencies:
      '@typescript/native-preview-darwin-arm64': 7.0.0-dev.20260608.1
      '@typescript/native-preview-linux-arm64': 7.0.0-dev.20260608.1
      '@typescript/native-preview-linux-x64': 7.0.0-dev.20260608.1
      '@typescript/native-preview-win32-arm64': 7.0.0-dev.20260608.1
      '@typescript/native-preview-win32-x64': 7.0.0-dev.20260608.1

  '@vizejs/native-darwin-arm64@0.188.0': {}

  '@vizejs/native-linux-arm64-gnu@0.188.0': {}

  '@vizejs/native-linux-arm64-musl@0.188.0': {}

  '@vizejs/native-linux-x64-gnu@0.188.0': {}

  '@vizejs/native-linux-x64-musl@0.188.0': {}

  '@vizejs/native-win32-arm64-msvc@0.188.0': {}

  '@vizejs/native-win32-x64-msvc@0.188.0': {}

  '@vizejs/native@0.188.0':
    optionalDependencies:
      '@vizejs/native-darwin-arm64': 0.188.0
      '@vizejs/native-linux-arm64-gnu': 0.188.0
      '@vizejs/native-linux-arm64-musl': 0.188.0
      '@vizejs/native-linux-x64-gnu': 0.188.0
      '@vizejs/native-linux-x64-musl': 0.188.0
      '@vizejs/native-win32-arm64-msvc': 0.188.0
      '@vizejs/native-win32-x64-msvc': 0.188.0

  '@volar/language-core@2.4.28':
    dependencies:
      '@volar/source-map': 2.4.28

  '@volar/source-map@2.4.28': {}

  '@volar/typescript@2.4.28':
    dependencies:
      '@volar/language-core': 2.4.28
      path-browserify: 1.0.1
      vscode-uri: 3.1.0

  '@vue/compiler-core@3.5.34':
    dependencies:
      '@babel/parser': 7.29.7
      '@vue/shared': 3.5.34
      entities: 7.0.1
      estree-walker: 2.0.2
      source-map-js: 1.2.1

  '@vue/compiler-core@3.5.35':
    dependencies:
      '@babel/parser': 7.29.7
      '@vue/shared': 3.5.35
      entities: 7.0.1
      estree-walker: 2.0.2
      source-map-js: 1.2.1

  '@vue/compiler-dom@3.5.34':
    dependencies:
      '@vue/compiler-core': 3.5.34
      '@vue/shared': 3.5.34

  '@vue/compiler-dom@3.5.35':
    dependencies:
      '@vue/compiler-core': 3.5.35
      '@vue/shared': 3.5.35

  '@vue/compiler-sfc@3.5.34':
    dependencies:
      '@babel/parser': 7.29.7
      '@vue/compiler-core': 3.5.34
      '@vue/compiler-dom': 3.5.34
      '@vue/compiler-ssr': 3.5.34
      '@vue/shared': 3.5.34
      estree-walker: 2.0.2
      magic-string: 0.30.21
      postcss: 8.5.15
      source-map-js: 1.2.1

  '@vue/compiler-sfc@3.5.35':
    dependencies:
      '@babel/parser': 7.29.7
      '@vue/compiler-core': 3.5.35
      '@vue/compiler-dom': 3.5.35
      '@vue/compiler-ssr': 3.5.35
      '@vue/shared': 3.5.35
      estree-walker: 2.0.2
      magic-string: 0.30.21
      postcss: 8.5.15
      source-map-js: 1.2.1

  '@vue/compiler-ssr@3.5.34':
    dependencies:
      '@vue/compiler-dom': 3.5.34
      '@vue/shared': 3.5.34

  '@vue/compiler-ssr@3.5.35':
    dependencies:
      '@vue/compiler-dom': 3.5.35
      '@vue/shared': 3.5.35

  '@vue/language-core@3.3.4':
    dependencies:
      '@volar/language-core': 2.4.28
      '@vue/compiler-dom': 3.5.35
      '@vue/shared': 3.5.35
      alien-signals: 3.2.1
      muggle-string: 0.4.1
      path-browserify: 1.0.1
      picomatch: 4.0.4

  '@vue/reactivity@3.5.34':
    dependencies:
      '@vue/shared': 3.5.34

  '@vue/reactivity@3.5.35':
    dependencies:
      '@vue/shared': 3.5.35

  '@vue/runtime-core@3.5.34':
    dependencies:
      '@vue/reactivity': 3.5.34
      '@vue/shared': 3.5.34

  '@vue/runtime-core@3.5.35':
    dependencies:
      '@vue/reactivity': 3.5.35
      '@vue/shared': 3.5.35

  '@vue/runtime-dom@3.5.34':
    dependencies:
      '@vue/reactivity': 3.5.34
      '@vue/runtime-core': 3.5.34
      '@vue/shared': 3.5.34
      csstype: 3.2.3

  '@vue/runtime-dom@3.5.35':
    dependencies:
      '@vue/reactivity': 3.5.35
      '@vue/runtime-core': 3.5.35
      '@vue/shared': 3.5.35
      csstype: 3.2.3

  '@vue/server-renderer@3.5.34(vue@3.5.34(typescript@6.0.3))':
    dependencies:
      '@vue/compiler-ssr': 3.5.34
      '@vue/shared': 3.5.34
      vue: 3.5.34(typescript@6.0.3)

  '@vue/server-renderer@3.5.35(vue@3.5.35(typescript@6.0.3))':
    dependencies:
      '@vue/compiler-ssr': 3.5.35
      '@vue/shared': 3.5.35
      vue: 3.5.35(typescript@6.0.3)

  '@vue/shared@3.5.34': {}

  '@vue/shared@3.5.35': {}

  alien-signals@3.2.1: {}

  csstype@3.2.3: {}

  entities@7.0.1: {}

  estree-walker@2.0.2: {}

  magic-string@0.30.21:
    dependencies:
      '@jridgewell/sourcemap-codec': 1.5.5

  muggle-string@0.4.1: {}

  nanoid@3.3.12: {}

  oxc-transform@0.130.0:
    optionalDependencies:
      '@oxc-transform/binding-darwin-arm64': 0.130.0
      '@oxc-transform/binding-linux-arm64-gnu': 0.130.0
      '@oxc-transform/binding-linux-arm64-musl': 0.130.0
      '@oxc-transform/binding-linux-x64-gnu': 0.130.0
      '@oxc-transform/binding-linux-x64-musl': 0.130.0
      '@oxc-transform/binding-win32-arm64-msvc': 0.130.0
      '@oxc-transform/binding-win32-x64-msvc': 0.130.0

  path-browserify@1.0.1: {}

  picocolors@1.1.1: {}

  picomatch@4.0.4: {}

  postcss@8.5.15:
    dependencies:
      nanoid: 3.3.12
      picocolors: 1.1.1
      source-map-js: 1.2.1

  source-map-js@1.2.1: {}

  typescript@6.0.3: {}

  vize@0.188.0:
    dependencies:
      '@vizejs/native': 0.188.0
      oxc-transform: 0.130.0
      vue: 3.5.34(typescript@6.0.3)
    optionalDependencies:
      '@typescript/native-preview': 7.0.0-dev.20260602.1

  vscode-uri@3.1.0: {}

  vue-tsc@3.3.4(typescript@6.0.3):
    dependencies:
      '@volar/typescript': 2.4.28
      '@vue/language-core': 3.3.4
      typescript: 6.0.3

  vue@3.5.34(typescript@6.0.3):
    dependencies:
      '@vue/compiler-dom': 3.5.34
      '@vue/compiler-sfc': 3.5.34
      '@vue/runtime-dom': 3.5.34
      '@vue/server-renderer': 3.5.34(vue@3.5.34(typescript@6.0.3))
      '@vue/shared': 3.5.34
      typescript: 6.0.3

  vue@3.5.35(typescript@6.0.3):
    dependencies:
      '@vue/compiler-dom': 3.5.35
      '@vue/compiler-sfc': 3.5.35
      '@vue/runtime-dom': 3.5.35
      '@vue/server-renderer': 3.5.35(vue@3.5.35(typescript@6.0.3))
      '@vue/shared': 3.5.35
      typescript: 6.0.3
